
Microsoft Visual Studio Solution File, Format Version 12.00
# Visual Studio Version 16
VisualStudioVersion = 16.0.31129.286
MinimumVisualStudioVersion = 10.0.40219.1
Project("{FAE04EC0-301F-11D3-BF4B-00C04F79EFBC}") = "Exercise 8", "Exercise 8\Exercise 8.csproj", "{8CCB0F92-ADF9-4A98-8672-4CF8BC32F88A}"
EndProject
Global
	GlobalSection(SolutionConfigurationPlatforms) = preSolution
		Debug|Any CPU = Debug|Any CPU
		Release|Any CPU = Release|Any CPU
	EndGlobalSection
	GlobalSection(ProjectConfigurationPlatforms) = postSolution
		{8CCB0F92-ADF9-4A98-8672-4CF8BC32F88A}.Debug|Any CPU.ActiveCfg = Debug|Any CPU
		{8CCB0F92-ADF9-4A98-8672-4CF8BC32F88A}.Debug|Any CPU.Build.0 = Debug|Any CPU
		{8CCB0F92-ADF9-4A98-8672-4CF8BC32F88A}.Release|Any CPU.ActiveCfg = Release|Any CPU
		{8CCB0F92-ADF9-4A98-8672-4CF8BC32F88A}.Release|Any CPU.Build.0 = Release|Any CPU
	EndGlobalSection
	GlobalSection(SolutionProperties) = preSolution
		HideSolutionNode = FALSE
	EndGlobalSection
	GlobalSection(ExtensibilityGlobals) = postSolution
		SolutionGuid = {B3E412FA-606F-438E-96CB-42B2F0F01D6D}
	EndGlobalSection
EndGlobal
